
Microsoft Visual Studio Solution File, Format Version 12.00
# Visual Studio Version 17
VisualStudioVersion = 17.9.34723.18
MinimumVisualStudioVersion = 10.0.40219.1
Project("{FAE04EC0-301F-11D3-BF4B-00C04F79EFBC}") = "BulkyWeb", "BulkyWeb\BulkyWeb.csproj", "{33E3F59D-93E3-43A5-8DF9-268A25458F0E}"
EndProject
Global
	GlobalSection(SolutionConfigurationPlatforms) = preSolution
		Debug|Any CPU = Debug|Any CPU
		Release|Any CPU = Release|Any CPU
	EndGlobalSection
	GlobalSection(ProjectConfigurationPlatforms) = postSolution
		{33E3F59D-93E3-43A5-8DF9-268A25458F0E}.Debug|Any CPU.ActiveCfg = Debug|Any CPU
		{33E3F59D-93E3-43A5-8DF9-268A25458F0E}.Debug|Any CPU.Build.0 = Debug|Any CPU
		{33E3F59D-93E3-43A5-8DF9-268A25458F0E}.Release|Any CPU.ActiveCfg = Release|Any CPU
		{33E3F59D-93E3-43A5-8DF9-268A25458F0E}.Release|Any CPU.Build.0 = Release|Any CPU
	EndGlobalSection
	GlobalSection(SolutionProperties) = preSolution
		HideSolutionNode = FALSE
	EndGlobalSection
	GlobalSection(ExtensibilityGlobals) = postSolution
		SolutionGuid = {C935CC24-9860-4F78-81A1-E6754E93AA76}
	EndGlobalSection
EndGlobal
